// !$*UTF8*$!
{
	archiveVersion = 1;
	classes = {
	};
	objectVersion = 63;
	objects = {

/* Begin PBXBuildFile section */
		0A5F40A37308BAC69B4FC7F6 /* SetupView.swift in Sources */ = {isa = PBXBuildFile; fileRef = B23C4DF7C08AFFF92491AAF8 /* SetupView.swift */; };
		0CA6F129D77F422B1BB91E78 /* DeviceActivityMonitorExtension.swift in Sources */ = {isa = PBXBuildFile; fileRef = 34348747B9644DA0C0902521 /* DeviceActivityMonitorExtension.swift */; };
		12274389F0F8051F7C043863 /* Storage.swift in Sources */ = {isa = PBXBuildFile; fileRef = 7FBC0A127253EA1264A4D907 /* Storage.swift */; };
		218F53169D6458CA2C8DEF3E /* ContentView.swift in Sources */ = {isa = PBXBuildFile; fileRef = A4261E036EAAC6E703A8E5DE /* ContentView.swift */; };
		35B2B77320E659FD748E5B49 /* AppState.swift in Sources */ = {isa = PBXBuildFile; fileRef = 9DFE2DD15E352A68F75AA17D /* AppState.swift */; };
		37C4461FFAD80EF059EC1B91 /* Models.swift in Sources */ = {isa = PBXBuildFile; fileRef = 458B175FEE9E68E3DB91ACFD /* Models.swift */; };
		48CEC87C6D6D1945E1103224 /* Storage.swift in Sources */ = {isa = PBXBuildFile; fileRef = 7FBC0A127253EA1264A4D907 /* Storage.swift */; };
		490DFC8F38D2062A6823CD42 /* StatusView.swift in Sources */ = {isa = PBXBuildFile; fileRef = F84E38A7B8BADF570EBDDCB7 /* StatusView.swift */; };
		520A24861E0F7265E58A236B /* ShieldConfigurationExtension.swift in Sources */ = {isa = PBXBuildFile; fileRef = A9D12E98F24882B7D8EC1A57 /* ShieldConfigurationExtension.swift */; };
		687479B7E150568B29DF7088 /* ManagedSettingsStoreExtension.appex in Embed Foundation Extensions */ = {isa = PBXBuildFile; fileRef = 5ECFD3E108EF28CD474F33B3 /* ManagedSettingsStoreExtension.appex */; settings = {ATTRIBUTES = (RemoveHeadersOnCopy, ); }; };
		6AC9759EE68FA3C705E97045 /* Models.swift in Sources */ = {isa = PBXBuildFile; fileRef = 458B175FEE9E68E3DB91ACFD /* Models.swift */; };
		6B8802C84AF3A3F1A323C44B /* CoreModelsTests.swift in Sources */ = {isa = PBXBuildFile; fileRef = 9E7FA05089351F752AE5C4F2 /* CoreModelsTests.swift */; };
		7AA76E99F010C2A52C1C80EF /* RewardShieldApp.swift in Sources */ = {isa = PBXBuildFile; fileRef = 608D971D59E3FCDF7BB00208 /* RewardShieldApp.swift */; };
		7C6F0BC15C8477D6B5B4E9F9 /* Models.swift in Sources */ = {isa = PBXBuildFile; fileRef = 458B175FEE9E68E3DB91ACFD /* Models.swift */; };
		810D02C0259A4B068F2D919F /* Storage.swift in Sources */ = {isa = PBXBuildFile; fileRef = 7FBC0A127253EA1264A4D907 /* Storage.swift */; };
		8E1DF1563F7982BCD9A8FF43 /* ShieldUIExtension.appex in Embed Foundation Extensions */ = {isa = PBXBuildFile; fileRef = CC5CE0F9B262FF6811889DCB /* ShieldUIExtension.appex */; settings = {ATTRIBUTES = (RemoveHeadersOnCopy, ); }; };
		995D2219915D803BB76DF1EC /* SessionView.swift in Sources */ = {isa = PBXBuildFile; fileRef = 09D3CACB2C6BB2C647475BEA /* SessionView.swift */; };
		AF2D246004C8124BB5FAB295 /* DeviceActivityMonitorExtension.appex in Embed Foundation Extensions */ = {isa = PBXBuildFile; fileRef = CE90953FB5B77A3D7D54C259 /* DeviceActivityMonitorExtension.appex */; settings = {ATTRIBUTES = (RemoveHeadersOnCopy, ); }; };
		B382C6FDABFF56C078249DAF /* Models.swift in Sources */ = {isa = PBXBuildFile; fileRef = 458B175FEE9E68E3DB91ACFD /* Models.swift */; };
		BC194D564D6A6B395F77DDEE /* ShieldUIExtension.swift in Sources */ = {isa = PBXBuildFile; fileRef = 603D171890412C2282290947 /* ShieldUIExtension.swift */; };
		C73411DC4B2D94C3684CE6F9 /* Storage.swift in Sources */ = {isa = PBXBuildFile; fileRef = 7FBC0A127253EA1264A4D907 /* Storage.swift */; };
		CE201067AECD0F26AC06AC76 /* Models.swift in Sources */ = {isa = PBXBuildFile; fileRef = 458B175FEE9E68E3DB91ACFD /* Models.swift */; };
		D6D5C802E3FD933CD5C3DA5E /* RewardsView.swift in Sources */ = {isa = PBXBuildFile; fileRef = 524E58BE8903C542D42C3B2C /* RewardsView.swift */; };
		EF97499D9D773EA5F31E9FFF /* Storage.swift in Sources */ = {isa = PBXBuildFile; fileRef = 7FBC0A127253EA1264A4D907 /* Storage.swift */; };
		F2209BBE6D90333CD1E89DEE /* Assets.xcassets in Resources */ = {isa = PBXBuildFile; fileRef = 1C8335B5AFD1AB36F0CE06B1 /* Assets.xcassets */; };
/* End PBXBuildFile section */

/* Begin PBXContainerItemProxy section */
		1C957AF1F472CDB01878A9F9 /* PBXContainerItemProxy */ = {
			isa = PBXContainerItemProxy;
			containerPortal = E2A3DA3BB5C3C89391B07B1A /* Project object */;
			proxyType = 1;
			remoteGlobalIDString = 40C54FE4B21FBBB5F3E4299D;
			remoteInfo = DeviceActivityMonitorExtension;
		};
		35CFC7E0FBB4EA11FA50B388 /* PBXContainerItemProxy */ = {
			isa = PBXContainerItemProxy;
			containerPortal = E2A3DA3BB5C3C89391B07B1A /* Project object */;
			proxyType = 1;
			remoteGlobalIDString = B864C75773F73FD50C81FE0E;
			remoteInfo = RewardShield;
		};
		4C34A1BF5F959740B14CEF22 /* PBXContainerItemProxy */ = {
			isa = PBXContainerItemProxy;
			containerPortal = E2A3DA3BB5C3C89391B07B1A /* Project object */;
			proxyType = 1;
			remoteGlobalIDString = 4965F39B316B1A43F8C18932;
			remoteInfo = ManagedSettingsStoreExtension;
		};
		CD76123B26672B28035D0E16 /* PBXContainerItemProxy */ = {
			isa = PBXContainerItemProxy;
			containerPortal = E2A3DA3BB5C3C89391B07B1A /* Project object */;
			proxyType = 1;
			remoteGlobalIDString = 189F227E71BBF967F0985B86;
			remoteInfo = ShieldUIExtension;
		};
/* End PBXContainerItemProxy section */

/* Begin PBXCopyFilesBuildPhase section */
		8DD3F4D207C9C9F048B00F9A /* Embed Foundation Extensions */ = {
			isa = PBXCopyFilesBuildPhase;
			buildActionMask = 2147483647;
			dstPath = "";
			dstSubfolderSpec = 13;
			files = (
				687479B7E150568B29DF7088 /* ManagedSettingsStoreExtension.appex in Embed Foundation Extensions */,
				AF2D246004C8124BB5FAB295 /* DeviceActivityMonitorExtension.appex in Embed Foundation Extensions */,
				8E1DF1563F7982BCD9A8FF43 /* ShieldUIExtension.appex in Embed Foundation Extensions */,
			);
			name = "Embed Foundation Extensions";
			runOnlyForDeploymentPostprocessing = 0;
		};
/* End PBXCopyFilesBuildPhase section */

/* Begin PBXFileReference section */
		09D3CACB2C6BB2C647475BEA /* SessionView.swift */ = {isa = PBXFileReference; lastKnownFileType = sourcecode.swift; path = SessionView.swift; sourceTree = "<group>"; };
		1718D64BED4DCB1C0F686827 /* Info.plist */ = {isa = PBXFileReference; lastKnownFileType = text.plist; path = Info.plist; sourceTree = "<group>"; };
		1784F7FBBB85240BD87DEBE6 /* Info.plist */ = {isa = PBXFileReference; lastKnownFileType = text.plist; path = Info.plist; sourceTree = "<group>"; };
		1C8335B5AFD1AB36F0CE06B1 /* Assets.xcassets */ = {isa = PBXFileReference; lastKnownFileType = folder.assetcatalog; path = Assets.xcassets; sourceTree = "<group>"; };
		34348747B9644DA0C0902521 /* DeviceActivityMonitorExtension.swift */ = {isa = PBXFileReference; lastKnownFileType = sourcecode.swift; path = DeviceActivityMonitorExtension.swift; sourceTree = "<group>"; };
		3605B452CF46183A5E315E62 /* Info.plist */ = {isa = PBXFileReference; lastKnownFileType = text.plist; path = Info.plist; sourceTree = "<group>"; };
		458B175FEE9E68E3DB91ACFD /* Models.swift */ = {isa = PBXFileReference; lastKnownFileType = sourcecode.swift; path = Models.swift; sourceTree = "<group>"; };
		524E58BE8903C542D42C3B2C /* RewardsView.swift */ = {isa = PBXFileReference; lastKnownFileType = sourcecode.swift; path = RewardsView.swift; sourceTree = "<group>"; };
		5ECFD3E108EF28CD474F33B3 /* ManagedSettingsStoreExtension.appex */ = {isa = PBXFileReference; explicitFileType = "wrapper.app-extension"; includeInIndex = 0; path = ManagedSettingsStoreExtension.appex; sourceTree = BUILT_PRODUCTS_DIR; };
		603D171890412C2282290947 /* ShieldUIExtension.swift */ = {isa = PBXFileReference; lastKnownFileType = sourcecode.swift; path = ShieldUIExtension.swift; sourceTree = "<group>"; };
		608D971D59E3FCDF7BB00208 /* RewardShieldApp.swift */ = {isa = PBXFileReference; lastKnownFileType = sourcecode.swift; path = RewardShieldApp.swift; sourceTree = "<group>"; };
		7E75D328AC5F871CAAB8D415 /* ShieldUIExtension.entitlements */ = {isa = PBXFileReference; lastKnownFileType = text.plist.entitlements; path = ShieldUIExtension.entitlements; sourceTree = "<group>"; };
		7FBC0A127253EA1264A4D907 /* Storage.swift */ = {isa = PBXFileReference; lastKnownFileType = sourcecode.swift; path = Storage.swift; sourceTree = "<group>"; };
		88BE0F19F6D66F5F2153C1D6 /* ManagedSettingsStoreExtension.entitlements */ = {isa = PBXFileReference; lastKnownFileType = text.plist.entitlements; path = ManagedSettingsStoreExtension.entitlements; sourceTree = "<group>"; };
		8F5063C29D2234A40ADABCE0 /* Info.plist */ = {isa = PBXFileReference; lastKnownFileType = text.plist; path = Info.plist; sourceTree = "<group>"; };
		99118F1EE8C0E0AE647D85F7 /* DeviceActivityMonitorExtension.entitlements */ = {isa = PBXFileReference; lastKnownFileType = text.plist.entitlements; path = DeviceActivityMonitorExtension.entitlements; sourceTree = "<group>"; };
		9DFE2DD15E352A68F75AA17D /* AppState.swift */ = {isa = PBXFileReference; lastKnownFileType = sourcecode.swift; path = AppState.swift; sourceTree = "<group>"; };
		9E7FA05089351F752AE5C4F2 /* CoreModelsTests.swift */ = {isa = PBXFileReference; lastKnownFileType = sourcecode.swift; path = CoreModelsTests.swift; sourceTree = "<group>"; };
		A059E03AB6D30EB3A89B8728 /* RewardShield.app */ = {isa = PBXFileReference; explicitFileType = wrapper.application; includeInIndex = 0; path = RewardShield.app; sourceTree = BUILT_PRODUCTS_DIR; };
		A28C3F1F297F7245D3C11E62 /* RewardShield.entitlements */ = {isa = PBXFileReference; lastKnownFileType = text.plist.entitlements; path = RewardShield.entitlements; sourceTree = "<group>"; };
		A4261E036EAAC6E703A8E5DE /* ContentView.swift */ = {isa = PBXFileReference; lastKnownFileType = sourcecode.swift; path = ContentView.swift; sourceTree = "<group>"; };
		A9D12E98F24882B7D8EC1A57 /* ShieldConfigurationExtension.swift */ = {isa = PBXFileReference; lastKnownFileType = sourcecode.swift; path = ShieldConfigurationExtension.swift; sourceTree = "<group>"; };
		B04814D73EDA9863AB60C97F /* Info.plist */ = {isa = PBXFileReference; lastKnownFileType = text.plist; path = Info.plist; sourceTree = "<group>"; };
		B23C4DF7C08AFFF92491AAF8 /* SetupView.swift */ = {isa = PBXFileReference; lastKnownFileType = sourcecode.swift; path = SetupView.swift; sourceTree = "<group>"; };
		CC5CE0F9B262FF6811889DCB /* ShieldUIExtension.appex */ = {isa = PBXFileReference; includeInIndex = 0; lastKnownFileType = "wrapper.extensionkit-extension"; path = ShieldUIExtension.appex; sourceTree = BUILT_PRODUCTS_DIR; };
		CE90953FB5B77A3D7D54C259 /* DeviceActivityMonitorExtension.appex */ = {isa = PBXFileReference; explicitFileType = "wrapper.app-extension"; includeInIndex = 0; path = DeviceActivityMonitorExtension.appex; sourceTree = BUILT_PRODUCTS_DIR; };
		EBD49A23133BAD40A882301C /* RewardShieldTests.xctest */ = {isa = PBXFileReference; includeInIndex = 0; lastKnownFileType = wrapper.cfbundle; path = RewardShieldTests.xctest; sourceTree = BUILT_PRODUCTS_DIR; };
		F84E38A7B8BADF570EBDDCB7 /* StatusView.swift */ = {isa = PBXFileReference; lastKnownFileType = sourcecode.swift; path = StatusView.swift; sourceTree = "<group>"; };
/* End PBXFileReference section */

/* Begin PBXGroup section */
		13104220A92303D948412591 = {
			isa = PBXGroup;
			children = (
				B0D58941519EDEFA1459A034 /* App */,
				5F5D32D741C015842D763FBE /* AppTests */,
				B56C5FF69F7E7D7B641F483A /* DeviceActivityMonitorExtension */,
				1EAB0D25102215F20CA882B3 /* ManagedSettingsStoreExtension */,
				963F1B98A987F9E90553FD70 /* Shared */,
				60548C6626F0E243C0725653 /* ShieldUIExtension */,
				6524819254A7CAE094A125E1 /* Products */,
			);
			sourceTree = "<group>";
		};
		1EAB0D25102215F20CA882B3 /* ManagedSettingsStoreExtension */ = {
			isa = PBXGroup;
			children = (
				8F5063C29D2234A40ADABCE0 /* Info.plist */,
				88BE0F19F6D66F5F2153C1D6 /* ManagedSettingsStoreExtension.entitlements */,
				A9D12E98F24882B7D8EC1A57 /* ShieldConfigurationExtension.swift */,
			);
			name = ManagedSettingsStoreExtension;
			path = Sources/ManagedSettingsStoreExtension;
			sourceTree = "<group>";
		};
		5F5D32D741C015842D763FBE /* AppTests */ = {
			isa = PBXGroup;
			children = (
				9E7FA05089351F752AE5C4F2 /* CoreModelsTests.swift */,
				1784F7FBBB85240BD87DEBE6 /* Info.plist */,
			);
			name = AppTests;
			path = Sources/AppTests;
			sourceTree = "<group>";
		};
		60548C6626F0E243C0725653 /* ShieldUIExtension */ = {
			isa = PBXGroup;
			children = (
				1718D64BED4DCB1C0F686827 /* Info.plist */,
				7E75D328AC5F871CAAB8D415 /* ShieldUIExtension.entitlements */,
				603D171890412C2282290947 /* ShieldUIExtension.swift */,
			);
			name = ShieldUIExtension;
			path = Sources/ShieldUIExtension;
			sourceTree = "<group>";
		};
		6524819254A7CAE094A125E1 /* Products */ = {
			isa = PBXGroup;
			children = (
				CE90953FB5B77A3D7D54C259 /* DeviceActivityMonitorExtension.appex */,
				5ECFD3E108EF28CD474F33B3 /* ManagedSettingsStoreExtension.appex */,
				A059E03AB6D30EB3A89B8728 /* RewardShield.app */,
				EBD49A23133BAD40A882301C /* RewardShieldTests.xctest */,
				CC5CE0F9B262FF6811889DCB /* ShieldUIExtension.appex */,
			);
			name = Products;
			sourceTree = "<group>";
		};
		963F1B98A987F9E90553FD70 /* Shared */ = {
			isa = PBXGroup;
			children = (
				458B175FEE9E68E3DB91ACFD /* Models.swift */,
				7FBC0A127253EA1264A4D907 /* Storage.swift */,
			);
			name = Shared;
			path = Sources/Shared;
			sourceTree = "<group>";
		};
		B0D58941519EDEFA1459A034 /* App */ = {
			isa = PBXGroup;
			children = (
				9DFE2DD15E352A68F75AA17D /* AppState.swift */,
				1C8335B5AFD1AB36F0CE06B1 /* Assets.xcassets */,
				3605B452CF46183A5E315E62 /* Info.plist */,
				A28C3F1F297F7245D3C11E62 /* RewardShield.entitlements */,
				608D971D59E3FCDF7BB00208 /* RewardShieldApp.swift */,
				C7AEFCC79DAC19C13EEC9D1B /* Views */,
			);
			name = App;
			path = Sources/App;
			sourceTree = "<group>";
		};
		B56C5FF69F7E7D7B641F483A /* DeviceActivityMonitorExtension */ = {
			isa = PBXGroup;
			children = (
				99118F1EE8C0E0AE647D85F7 /* DeviceActivityMonitorExtension.entitlements */,
				34348747B9644DA0C0902521 /* DeviceActivityMonitorExtension.swift */,
				B04814D73EDA9863AB60C97F /* Info.plist */,
			);
			name = DeviceActivityMonitorExtension;
			path = Sources/DeviceActivityMonitorExtension;
			sourceTree = "<group>";
		};
		C7AEFCC79DAC19C13EEC9D1B /* Views */ = {
			isa = PBXGroup;
			children = (
				A4261E036EAAC6E703A8E5DE /* ContentView.swift */,
				524E58BE8903C542D42C3B2C /* RewardsView.swift */,
				09D3CACB2C6BB2C647475BEA /* SessionView.swift */,
				B23C4DF7C08AFFF92491AAF8 /* SetupView.swift */,
				F84E38A7B8BADF570EBDDCB7 /* StatusView.swift */,
			);
			path = Views;
			sourceTree = "<group>";
		};
/* End PBXGroup section */

/* Begin PBXNativeTarget section */
		189F227E71BBF967F0985B86 /* ShieldUIExtension */ = {
			isa = PBXNativeTarget;
			buildConfigurationList = 284089FCFDBD184D4330E4A2 /* Build configuration list for PBXNativeTarget "ShieldUIExtension" */;
			buildPhases = (
				E3FF188EFF557C8C738B62E7 /* Sources */,
			);
			buildRules = (
			);
			dependencies = (
			);
			name = ShieldUIExtension;
			packageProductDependencies = (
			);
			productName = ShieldUIExtension;
			productReference = CC5CE0F9B262FF6811889DCB /* ShieldUIExtension.appex */;
			productType = "com.apple.product-type.app-extension";
		};
		40C54FE4B21FBBB5F3E4299D /* DeviceActivityMonitorExtension */ = {
			isa = PBXNativeTarget;
			buildConfigurationList = 530E513C91C5731731AB0003 /* Build configuration list for PBXNativeTarget "DeviceActivityMonitorExtension" */;
			buildPhases = (
				FC28D1802EC8CB3A41615E4E /* Sources */,
			);
			buildRules = (
			);
			dependencies = (
			);
			name = DeviceActivityMonitorExtension;
			packageProductDependencies = (
			);
			productName = DeviceActivityMonitorExtension;
			productReference = CE90953FB5B77A3D7D54C259 /* DeviceActivityMonitorExtension.appex */;
			productType = "com.apple.product-type.app-extension";
		};
		4965F39B316B1A43F8C18932 /* ManagedSettingsStoreExtension */ = {
			isa = PBXNativeTarget;
			buildConfigurationList = 5DC5A0C39D9AC482530C34DB /* Build configuration list for PBXNativeTarget "ManagedSettingsStoreExtension" */;
			buildPhases = (
				27BFB3C05C23EA76F824009E /* Sources */,
			);
			buildRules = (
			);
			dependencies = (
			);
			name = ManagedSettingsStoreExtension;
			packageProductDependencies = (
			);
			productName = ManagedSettingsStoreExtension;
			productReference = 5ECFD3E108EF28CD474F33B3 /* ManagedSettingsStoreExtension.appex */;
			productType = "com.apple.product-type.app-extension";
		};
		B864C75773F73FD50C81FE0E /* RewardShield */ = {
			isa = PBXNativeTarget;
			buildConfigurationList = 21261B19D635C745BBAE146C /* Build configuration list for PBXNativeTarget "RewardShield" */;
			buildPhases = (
				71EE3C464ED302515C3DFB9C /* Sources */,
				FE51E92D5C0CB9893E103225 /* Resources */,
				8DD3F4D207C9C9F048B00F9A /* Embed Foundation Extensions */,
			);
			buildRules = (
			);
			dependencies = (
				C91526617DC8BE15ADD423D1 /* PBXTargetDependency */,
				C7891E9DC12B503248158A72 /* PBXTargetDependency */,
				76D526F2F279D78F20C05A87 /* PBXTargetDependency */,
			);
			name = RewardShield;
			packageProductDependencies = (
			);
			productName = RewardShield;
			productReference = A059E03AB6D30EB3A89B8728 /* RewardShield.app */;
			productType = "com.apple.product-type.application";
		};
		D569D2714579E971F206880C /* RewardShieldTests */ = {
			isa = PBXNativeTarget;
			buildConfigurationList = 67BA8ED8C2009CAD879ECF01 /* Build configuration list for PBXNativeTarget "RewardShieldTests" */;
			buildPhases = (
				843F1E8A0D8AAD492654EEAE /* Sources */,
			);
			buildRules = (
			);
			dependencies = (
				FB2C872D9D1DB9C3EFA36F51 /* PBXTargetDependency */,
			);
			name = RewardShieldTests;
			packageProductDependencies = (
			);
			productName = RewardShieldTests;
			productReference = EBD49A23133BAD40A882301C /* RewardShieldTests.xctest */;
			productType = "com.apple.product-type.bundle.unit-test";
		};
/* End PBXNativeTarget section */

/* Begin PBXProject section */
		E2A3DA3BB5C3C89391B07B1A /* Project object */ = {
			isa = PBXProject;
			attributes = {
				BuildIndependentTargetsInParallel = YES;
				LastUpgradeCheck = 1500;
				TargetAttributes = {
					189F227E71BBF967F0985B86 = {
						DevelopmentTeam = "";
					};
					D569D2714579E971F206880C = {
						DevelopmentTeam = "";
					};
				};
			};
			buildConfigurationList = 98DD3F31CBEED17CCF0C036B /* Build configuration list for PBXProject "RewardShield" */;
			compatibilityVersion = "Xcode 14.0";
			developmentRegion = en;
			hasScannedForEncodings = 0;
			knownRegions = (
				Base,
				en,
			);
			mainGroup = 13104220A92303D948412591;
			minimizedProjectReferenceProxies = 1;
			projectDirPath = "";
			projectRoot = "";
			targets = (
				40C54FE4B21FBBB5F3E4299D /* DeviceActivityMonitorExtension */,
				4965F39B316B1A43F8C18932 /* ManagedSettingsStoreExtension */,
				B864C75773F73FD50C81FE0E /* RewardShield */,
				D569D2714579E971F206880C /* RewardShieldTests */,
				189F227E71BBF967F0985B86 /* ShieldUIExtension */,
			);
		};
/* End PBXProject section */

/* Begin PBXResourcesBuildPhase section */
		FE51E92D5C0CB9893E103225 /* Resources */ = {
			isa = PBXResourcesBuildPhase;
			buildActionMask = 2147483647;
			files = (
				F2209BBE6D90333CD1E89DEE /* Assets.xcassets in Resources */,
			);
			runOnlyForDeploymentPostprocessing = 0;
		};
/* End PBXResourcesBuildPhase section */

/* Begin PBXSourcesBuildPhase section */
		27BFB3C05C23EA76F824009E /* Sources */ = {
			isa = PBXSourcesBuildPhase;
			buildActionMask = 2147483647;
			files = (
				7C6F0BC15C8477D6B5B4E9F9 /* Models.swift in Sources */,
				520A24861E0F7265E58A236B /* ShieldConfigurationExtension.swift in Sources */,
				C73411DC4B2D94C3684CE6F9 /* Storage.swift in Sources */,
			);
			runOnlyForDeploymentPostprocessing = 0;
		};
		71EE3C464ED302515C3DFB9C /* Sources */ = {
			isa = PBXSourcesBuildPhase;
			buildActionMask = 2147483647;
			files = (
				35B2B77320E659FD748E5B49 /* AppState.swift in Sources */,
				218F53169D6458CA2C8DEF3E /* ContentView.swift in Sources */,
				B382C6FDABFF56C078249DAF /* Models.swift in Sources */,
				7AA76E99F010C2A52C1C80EF /* RewardShieldApp.swift in Sources */,
				D6D5C802E3FD933CD5C3DA5E /* RewardsView.swift in Sources */,
				995D2219915D803BB76DF1EC /* SessionView.swift in Sources */,
				0A5F40A37308BAC69B4FC7F6 /* SetupView.swift in Sources */,
				490DFC8F38D2062A6823CD42 /* StatusView.swift in Sources */,
				810D02C0259A4B068F2D919F /* Storage.swift in Sources */,
			);
			runOnlyForDeploymentPostprocessing = 0;
		};
		843F1E8A0D8AAD492654EEAE /* Sources */ = {
			isa = PBXSourcesBuildPhase;
			buildActionMask = 2147483647;
			files = (
				6B8802C84AF3A3F1A323C44B /* CoreModelsTests.swift in Sources */,
				6AC9759EE68FA3C705E97045 /* Models.swift in Sources */,
				12274389F0F8051F7C043863 /* Storage.swift in Sources */,
			);
			runOnlyForDeploymentPostprocessing = 0;
		};
		E3FF188EFF557C8C738B62E7 /* Sources */ = {
			isa = PBXSourcesBuildPhase;
			buildActionMask = 2147483647;
			files = (
				37C4461FFAD80EF059EC1B91 /* Models.swift in Sources */,
				BC194D564D6A6B395F77DDEE /* ShieldUIExtension.swift in Sources */,
				EF97499D9D773EA5F31E9FFF /* Storage.swift in Sources */,
			);
			runOnlyForDeploymentPostprocessing = 0;
		};
		FC28D1802EC8CB3A41615E4E /* Sources */ = {
			isa = PBXSourcesBuildPhase;
			buildActionMask = 2147483647;
			files = (
				0CA6F129D77F422B1BB91E78 /* DeviceActivityMonitorExtension.swift in Sources */,
				CE201067AECD0F26AC06AC76 /* Models.swift in Sources */,
				48CEC87C6D6D1945E1103224 /* Storage.swift in Sources */,
			);
			runOnlyForDeploymentPostprocessing = 0;
		};
/* End PBXSourcesBuildPhase section */

/* Begin PBXTargetDependency section */
		76D526F2F279D78F20C05A87 /* PBXTargetDependency */ = {
			isa = PBXTargetDependency;
			target = 189F227E71BBF967F0985B86 /* ShieldUIExtension */;
			targetProxy = CD76123B26672B28035D0E16 /* PBXContainerItemProxy */;
		};
		C7891E9DC12B503248158A72 /* PBXTargetDependency */ = {
			isa = PBXTargetDependency;
			target = 40C54FE4B21FBBB5F3E4299D /* DeviceActivityMonitorExtension */;
			targetProxy = 1C957AF1F472CDB01878A9F9 /* PBXContainerItemProxy */;
		};
		C91526617DC8BE15ADD423D1 /* PBXTargetDependency */ = {
			isa = PBXTargetDependency;
			target = 4965F39B316B1A43F8C18932 /* ManagedSettingsStoreExtension */;
			targetProxy = 4C34A1BF5F959740B14CEF22 /* PBXContainerItemProxy */;
		};
		FB2C872D9D1DB9C3EFA36F51 /* PBXTargetDependency */ = {
			isa = PBXTargetDependency;
			target = B864C75773F73FD50C81FE0E /* RewardShield */;
			targetProxy = 35CFC7E0FBB4EA11FA50B388 /* PBXContainerItemProxy */;
		};
/* End PBXTargetDependency section */

/* Begin XCBuildConfiguration section */
		2E728980173DF81EAB0F1DB3 /* Debug */ = {
			isa = XCBuildConfiguration;
			buildSettings = {
				CODE_SIGN_ENTITLEMENTS = Sources/ManagedSettingsStoreExtension/ManagedSettingsStoreExtension.entitlements;
				DEVELOPMENT_TEAM = G69C367VGA;
				INFOPLIST_FILE = Sources/ManagedSettingsStoreExtension/Info.plist;
				LD_RUNPATH_SEARCH_PATHS = (
					"$(inherited)",
					"@executable_path/Frameworks",
					"@executable_path/../../Frameworks",
				);
				PRODUCT_BUNDLE_IDENTIFIER = com.rewardsield.app.ManagedSettingsStore;
				SDKROOT = iphoneos;
				SKIP_INSTALL = YES;
				TARGETED_DEVICE_FAMILY = "1,2";
			};
			name = Debug;
		};
		45403A7AA959ED60EDA4D207 /* Release */ = {
			isa = XCBuildConfiguration;
			buildSettings = {
				CODE_SIGN_ENTITLEMENTS = Sources/DeviceActivityMonitorExtension/DeviceActivityMonitorExtension.entitlements;
				DEVELOPMENT_TEAM = G69C367VGA;
				INFOPLIST_FILE = Sources/DeviceActivityMonitorExtension/Info.plist;
				LD_RUNPATH_SEARCH_PATHS = (
					"$(inherited)",
					"@executable_path/Frameworks",
					"@executable_path/../../Frameworks",
				);
				PRODUCT_BUNDLE_IDENTIFIER = com.rewardsield.app.DeviceActivityMonitor;
				SDKROOT = iphoneos;
				SKIP_INSTALL = YES;
				TARGETED_DEVICE_FAMILY = "1,2";
			};
			name = Release;
		};
		650977E1469214AA29D32956 /* Release */ = {
			isa = XCBuildConfiguration;
			buildSettings = {
				CODE_SIGN_ENTITLEMENTS = Sources/ShieldUIExtension/ShieldUIExtension.entitlements;
				INFOPLIST_FILE = Sources/ShieldUIExtension/Info.plist;
				LD_RUNPATH_SEARCH_PATHS = (
					"$(inherited)",
					"@executable_path/Frameworks",
					"@executable_path/../../Frameworks",
				);
				PRODUCT_BUNDLE_IDENTIFIER = com.rewardsield.app.ShieldUI;
				SDKROOT = iphoneos;
				SKIP_INSTALL = YES;
				TARGETED_DEVICE_FAMILY = "1,2";
			};
			name = Release;
		};
		6F461B576DAB4536CCF35F29 /* Debug */ = {
			isa = XCBuildConfiguration;
			buildSettings = {
				ALWAYS_SEARCH_USER_PATHS = NO;
				CLANG_ANALYZER_NONNULL = YES;
				CLANG_ANALYZER_NUMBER_OBJECT_CONVERSION = YES_AGGRESSIVE;
				CLANG_CXX_LANGUAGE_STANDARD = "gnu++14";
				CLANG_CXX_LIBRARY = "libc++";
				CLANG_ENABLE_MODULES = YES;
				CLANG_ENABLE_OBJC_ARC = YES;
				CLANG_ENABLE_OBJC_WEAK = YES;
				CLANG_WARN_BLOCK_CAPTURE_AUTORELEASING = YES;
				CLANG_WARN_BOOL_CONVERSION = YES;
				CLANG_WARN_COMMA = YES;
				CLANG_WARN_CONSTANT_CONVERSION = YES;
				CLANG_WARN_DEPRECATED_OBJC_IMPLEMENTATIONS = YES;
				CLANG_WARN_DIRECT_OBJC_ISA_USAGE = YES_ERROR;
				CLANG_WARN_DOCUMENTATION_COMMENTS = YES;
				CLANG_WARN_EMPTY_BODY = YES;
				CLANG_WARN_ENUM_CONVERSION = YES;
				CLANG_WARN_INFINITE_RECURSION = YES;
				CLANG_WARN_INT_CONVERSION = YES;
				CLANG_WARN_NON_LITERAL_NULL_CONVERSION = YES;
				CLANG_WARN_OBJC_IMPLICIT_RETAIN_SELF = YES;
				CLANG_WARN_OBJC_LITERAL_CONVERSION = YES;
				CLANG_WARN_OBJC_ROOT_CLASS = YES_ERROR;
				CLANG_WARN_QUOTED_INCLUDE_IN_FRAMEWORK_HEADER = YES;
				CLANG_WARN_RANGE_LOOP_ANALYSIS = YES;
				CLANG_WARN_STRICT_PROTOTYPES = YES;
				CLANG_WARN_SUSPICIOUS_MOVE = YES;
				CLANG_WARN_UNGUARDED_AVAILABILITY = YES_AGGRESSIVE;
				CLANG_WARN_UNREACHABLE_CODE = YES;
				CLANG_WARN__DUPLICATE_METHOD_MATCH = YES;
				COPY_PHASE_STRIP = NO;
				CURRENT_PROJECT_VERSION = 1;
				DEBUG_INFORMATION_FORMAT = dwarf;
				DEVELOPMENT_TEAM = "";
				ENABLE_STRICT_OBJC_MSGSEND = YES;
				ENABLE_TESTABILITY = YES;
				GCC_C_LANGUAGE_STANDARD = gnu11;
				GCC_DYNAMIC_NO_PIC = NO;
				GCC_NO_COMMON_BLOCKS = YES;
				GCC_OPTIMIZATION_LEVEL = 0;
				GCC_PREPROCESSOR_DEFINITIONS = (
					"$(inherited)",
					"DEBUG=1",
				);
				GCC_WARN_64_TO_32_BIT_CONVERSION = YES;
				GCC_WARN_ABOUT_RETURN_TYPE = YES_ERROR;
				GCC_WARN_UNDECLARED_SELECTOR = YES;
				GCC_WARN_UNINITIALIZED_AUTOS = YES_AGGRESSIVE;
				GCC_WARN_UNUSED_FUNCTION = YES;
				GCC_WARN_UNUSED_VARIABLE = YES;
				IPHONEOS_DEPLOYMENT_TARGET = 16.0;
				MARKETING_VERSION = 1.0.0;
				MTL_ENABLE_DEBUG_INFO = INCLUDE_SOURCE;
				MTL_FAST_MATH = YES;
				ONLY_ACTIVE_ARCH = YES;
				PRODUCT_NAME = "$(TARGET_NAME)";
				SDKROOT = iphoneos;
				SWIFT_ACTIVE_COMPILATION_CONDITIONS = DEBUG;
				SWIFT_OPTIMIZATION_LEVEL = "-Onone";
				SWIFT_VERSION = 5.9;
				TARGETED_DEVICE_FAMILY = "1,2";
			};
			name = Debug;
		};
		94EB8CD487CD9A67F9CA2399 /* Debug */ = {
			isa = XCBuildConfiguration;
			buildSettings = {
				ASSETCATALOG_COMPILER_APPICON_NAME = AppIcon;
				CODE_SIGN_ENTITLEMENTS = Sources/App/RewardShield.entitlements;
				CODE_SIGN_IDENTITY = "iPhone Developer";
				DEVELOPMENT_TEAM = G69C367VGA;
				INFOPLIST_FILE = Sources/App/Info.plist;
				INFOPLIST_KEY_LSApplicationCategoryType = "public.app-category.utilities";
				LD_RUNPATH_SEARCH_PATHS = (
					"$(inherited)",
					"@executable_path/Frameworks",
				);
				PRODUCT_BUNDLE_IDENTIFIER = com.rewardsield.app;
				SDKROOT = iphoneos;
				TARGETED_DEVICE_FAMILY = "1,2";
			};
			name = Debug;
		};
		AA48DDD95BAABDBD1A7E08B3 /* Release */ = {
			isa = XCBuildConfiguration;
			buildSettings = {
				ASSETCATALOG_COMPILER_APPICON_NAME = AppIcon;
				CODE_SIGN_ENTITLEMENTS = Sources/App/RewardShield.entitlements;
				CODE_SIGN_IDENTITY = "iPhone Developer";
				DEVELOPMENT_TEAM = G69C367VGA;
				INFOPLIST_FILE = Sources/App/Info.plist;
				INFOPLIST_KEY_LSApplicationCategoryType = "public.app-category.utilities";
				LD_RUNPATH_SEARCH_PATHS = (
					"$(inherited)",
					"@executable_path/Frameworks",
				);
				PRODUCT_BUNDLE_IDENTIFIER = com.rewardsield.app;
				SDKROOT = iphoneos;
				TARGETED_DEVICE_FAMILY = "1,2";
			};
			name = Release;
		};
		C4E3A632F1743256DE14F5FF /* Release */ = {
			isa = XCBuildConfiguration;
			buildSettings = {
				BUNDLE_LOADER = "$(TEST_HOST)";
				INFOPLIST_FILE = Sources/AppTests/Info.plist;
				LD_RUNPATH_SEARCH_PATHS = (
					"$(inherited)",
					"@executable_path/Frameworks",
					"@loader_path/Frameworks",
				);
				PRODUCT_BUNDLE_IDENTIFIER = com.rewardsield.app.tests;
				SDKROOT = iphoneos;
				TARGETED_DEVICE_FAMILY = "1,2";
				TEST_HOST = "$(BUILT_PRODUCTS_DIR)/RewardShield.app/RewardShield";
			};
			name = Release;
		};
		C5F1FB216FD1B53AFDDAED09 /* Debug */ = {
			isa = XCBuildConfiguration;
			buildSettings = {
				CODE_SIGN_ENTITLEMENTS = Sources/DeviceActivityMonitorExtension/DeviceActivityMonitorExtension.entitlements;
				DEVELOPMENT_TEAM = G69C367VGA;
				INFOPLIST_FILE = Sources/DeviceActivityMonitorExtension/Info.plist;
				LD_RUNPATH_SEARCH_PATHS = (
					"$(inherited)",
					"@executable_path/Frameworks",
					"@executable_path/../../Frameworks",
				);
				PRODUCT_BUNDLE_IDENTIFIER = com.rewardsield.app.DeviceActivityMonitor;
				SDKROOT = iphoneos;
				SKIP_INSTALL = YES;
				TARGETED_DEVICE_FAMILY = "1,2";
			};
			name = Debug;
		};
		CB581E641671451EEFD5DC21 /* Debug */ = {
			isa = XCBuildConfiguration;
			buildSettings = {
				CODE_SIGN_ENTITLEMENTS = Sources/ShieldUIExtension/ShieldUIExtension.entitlements;
				INFOPLIST_FILE = Sources/ShieldUIExtension/Info.plist;
				LD_RUNPATH_SEARCH_PATHS = (
					"$(inherited)",
					"@executable_path/Frameworks",
					"@executable_path/../../Frameworks",
				);
				PRODUCT_BUNDLE_IDENTIFIER = com.rewardsield.app.ShieldUI;
				SDKROOT = iphoneos;
				SKIP_INSTALL = YES;
				TARGETED_DEVICE_FAMILY = "1,2";
			};
			name = Debug;
		};
		D53DB060D4C869AA96AED1C1 /* Debug */ = {
			isa = XCBuildConfiguration;
			buildSettings = {
				BUNDLE_LOADER = "$(TEST_HOST)";
				INFOPLIST_FILE = Sources/AppTests/Info.plist;
				LD_RUNPATH_SEARCH_PATHS = (
					"$(inherited)",
					"@executable_path/Frameworks",
					"@loader_path/Frameworks",
				);
				PRODUCT_BUNDLE_IDENTIFIER = com.rewardsield.app.tests;
				SDKROOT = iphoneos;
				TARGETED_DEVICE_FAMILY = "1,2";
				TEST_HOST = "$(BUILT_PRODUCTS_DIR)/RewardShield.app/RewardShield";
			};
			name = Debug;
		};
		DD1B768A938DE4BA8C8BAA19 /* Release */ = {
			isa = XCBuildConfiguration;
			buildSettings = {
				CODE_SIGN_ENTITLEMENTS = Sources/ManagedSettingsStoreExtension/ManagedSettingsStoreExtension.entitlements;
				DEVELOPMENT_TEAM = G69C367VGA;
				INFOPLIST_FILE = Sources/ManagedSettingsStoreExtension/Info.plist;
				LD_RUNPATH_SEARCH_PATHS = (
					"$(inherited)",
					"@executable_path/Frameworks",
					"@executable_path/../../Frameworks",
				);
				PRODUCT_BUNDLE_IDENTIFIER = com.rewardsield.app.ManagedSettingsStore;
				SDKROOT = iphoneos;
				SKIP_INSTALL = YES;
				TARGETED_DEVICE_FAMILY = "1,2";
			};
			name = Release;
		};
		DEC7909012F467947B4AE685 /* Release */ = {
			isa = XCBuildConfiguration;
			buildSettings = {
				ALWAYS_SEARCH_USER_PATHS = NO;
				CLANG_ANALYZER_NONNULL = YES;
				CLANG_ANALYZER_NUMBER_OBJECT_CONVERSION = YES_AGGRESSIVE;
				CLANG_CXX_LANGUAGE_STANDARD = "gnu++14";
				CLANG_CXX_LIBRARY = "libc++";
				CLANG_ENABLE_MODULES = YES;
				CLANG_ENABLE_OBJC_ARC = YES;
				CLANG_ENABLE_OBJC_WEAK = YES;
				CLANG_WARN_BLOCK_CAPTURE_AUTORELEASING = YES;
				CLANG_WARN_BOOL_CONVERSION = YES;
				CLANG_WARN_COMMA = YES;
				CLANG_WARN_CONSTANT_CONVERSION = YES;
				CLANG_WARN_DEPRECATED_OBJC_IMPLEMENTATIONS = YES;
				CLANG_WARN_DIRECT_OBJC_ISA_USAGE = YES_ERROR;
				CLANG_WARN_DOCUMENTATION_COMMENTS = YES;
				CLANG_WARN_EMPTY_BODY = YES;
				CLANG_WARN_ENUM_CONVERSION = YES;
				CLANG_WARN_INFINITE_RECURSION = YES;
				CLANG_WARN_INT_CONVERSION = YES;
				CLANG_WARN_NON_LITERAL_NULL_CONVERSION = YES;
				CLANG_WARN_OBJC_IMPLICIT_RETAIN_SELF = YES;
				CLANG_WARN_OBJC_LITERAL_CONVERSION = YES;
				CLANG_WARN_OBJC_ROOT_CLASS = YES_ERROR;
				CLANG_WARN_QUOTED_INCLUDE_IN_FRAMEWORK_HEADER = YES;
				CLANG_WARN_RANGE_LOOP_ANALYSIS = YES;
				CLANG_WARN_STRICT_PROTOTYPES = YES;
				CLANG_WARN_SUSPICIOUS_MOVE = YES;
				CLANG_WARN_UNGUARDED_AVAILABILITY = YES_AGGRESSIVE;
				CLANG_WARN_UNREACHABLE_CODE = YES;
				CLANG_WARN__DUPLICATE_METHOD_MATCH = YES;
				COPY_PHASE_STRIP = NO;
				CURRENT_PROJECT_VERSION = 1;
				DEBUG_INFORMATION_FORMAT = "dwarf-with-dsym";
				DEVELOPMENT_TEAM = "";
				ENABLE_NS_ASSERTIONS = NO;
				ENABLE_STRICT_OBJC_MSGSEND = YES;
				GCC_C_LANGUAGE_STANDARD = gnu11;
				GCC_NO_COMMON_BLOCKS = YES;
				GCC_WARN_64_TO_32_BIT_CONVERSION = YES;
				GCC_WARN_ABOUT_RETURN_TYPE = YES_ERROR;
				GCC_WARN_UNDECLARED_SELECTOR = YES;
				GCC_WARN_UNINITIALIZED_AUTOS = YES_AGGRESSIVE;
				GCC_WARN_UNUSED_FUNCTION = YES;
				GCC_WARN_UNUSED_VARIABLE = YES;
				IPHONEOS_DEPLOYMENT_TARGET = 16.0;
				MARKETING_VERSION = 1.0.0;
				MTL_ENABLE_DEBUG_INFO = NO;
				MTL_FAST_MATH = YES;
				PRODUCT_NAME = "$(TARGET_NAME)";
				SDKROOT = iphoneos;
				SWIFT_COMPILATION_MODE = wholemodule;
				SWIFT_OPTIMIZATION_LEVEL = "-O";
				SWIFT_VERSION = 5.9;
				TARGETED_DEVICE_FAMILY = "1,2";
			};
			name = Release;
		};
/* End XCBuildConfiguration section */

/* Begin XCConfigurationList section */
		21261B19D635C745BBAE146C /* Build configuration list for PBXNativeTarget "RewardShield" */ = {
			isa = XCConfigurationList;
			buildConfigurations = (
				94EB8CD487CD9A67F9CA2399 /* Debug */,
				AA48DDD95BAABDBD1A7E08B3 /* Release */,
			);
			defaultConfigurationIsVisible = 0;
			defaultConfigurationName = Debug;
		};
		284089FCFDBD184D4330E4A2 /* Build configuration list for PBXNativeTarget "ShieldUIExtension" */ = {
			isa = XCConfigurationList;
			buildConfigurations = (
				CB581E641671451EEFD5DC21 /* Debug */,
				650977E1469214AA29D32956 /* Release */,
			);
			defaultConfigurationIsVisible = 0;
			defaultConfigurationName = Debug;
		};
		530E513C91C5731731AB0003 /* Build configuration list for PBXNativeTarget "DeviceActivityMonitorExtension" */ = {
			isa = XCConfigurationList;
			buildConfigurations = (
				C5F1FB216FD1B53AFDDAED09 /* Debug */,
				45403A7AA959ED60EDA4D207 /* Release */,
			);
			defaultConfigurationIsVisible = 0;
			defaultConfigurationName = Debug;
		};
		5DC5A0C39D9AC482530C34DB /* Build configuration list for PBXNativeTarget "ManagedSettingsStoreExtension" */ = {
			isa = XCConfigurationList;
			buildConfigurations = (
				2E728980173DF81EAB0F1DB3 /* Debug */,
				DD1B768A938DE4BA8C8BAA19 /* Release */,
			);
			defaultConfigurationIsVisible = 0;
			defaultConfigurationName = Debug;
		};
		67BA8ED8C2009CAD879ECF01 /* Build configuration list for PBXNativeTarget "RewardShieldTests" */ = {
			isa = XCConfigurationList;
			buildConfigurations = (
				D53DB060D4C869AA96AED1C1 /* Debug */,
				C4E3A632F1743256DE14F5FF /* Release */,
			);
			defaultConfigurationIsVisible = 0;
			defaultConfigurationName = Debug;
		};
		98DD3F31CBEED17CCF0C036B /* Build configuration list for PBXProject "RewardShield" */ = {
			isa = XCConfigurationList;
			buildConfigurations = (
				6F461B576DAB4536CCF35F29 /* Debug */,
				DEC7909012F467947B4AE685 /* Release */,
			);
			defaultConfigurationIsVisible = 0;
			defaultConfigurationName = Debug;
		};
/* End XCConfigurationList section */
	};
	rootObject = E2A3DA3BB5C3C89391B07B1A /* Project object */;
}
